STORAGE: NONE
RESTRICTION: || (== net5.0) (== netstandard2.0) (== netstandard2.1)
GIT
  remote: https://github.com/guerro323/GameHost.git
     (6bb16201698b0dd37f1c4b8d89dea321c3f33b1f)
  remote: https://github.com/guerro323/revecs.git
     (fec4cb7adf4b4767dbe9b7f26b438efef400577e)
  remote: https://github.com/guerro323/revtask.git
     (d5775c20e5d68ba63adbf2230e620d16bdee7591)
  remote: https://github.com/guerro323/GodotProxy.git
     (3aca5fc5557b72ba08e4284dfd5cd6e4dc87ebc1)