
Microsoft Visual Studio Solution File, Format Version 12.00
Project("{FAE04EC0-301F-11D3-BF4B-00C04F79EFBC}") = "PataNext.Game", "PataNext.Game\PataNext.Game.csproj", "{51839579-5A24-475F-8153-EB332AC65C80}"
EndProject
Project("{FAE04EC0-301F-11D3-BF4B-00C04F79EFBC}") = "PataNext.Simulation.Mixed", "PataNext.Simulation.Mixed\PataNext.Simulation.Mixed.csproj", "{82C60F68-53EC-43EC-A2D5-2787B30BBACD}"
EndProject
Project("{FAE04EC0-301F-11D3-BF4B-00C04F79EFBC}") = "GameHost", "..\FrameWork.GameHost\GameHost\GameHost.csproj", "{32412FB7-ED9B-4A9C-BBC3-AF97059D0D38}"
EndProject
Project("{FAE04EC0-301F-11D3-BF4B-00C04F79EFBC}") = "PataNext.Export.Desktop", "PataNext.Export.Desktop\PataNext.Export.Desktop.csproj", "{474C9AC4-BC50-4381-9F69-1342F0E6AD22}"
EndProject
Project("{FAE04EC0-301F-11D3-BF4B-00C04F79EFBC}") = "PataNext.Feature.RhythmEngineAudio", "PataNext.Feature.RhythmEngineAudio\PataNext.Feature.RhythmEngineAudio.csproj", "{878C7E30-3D33-4A98-A5EB-EE6313C88075}"
EndProject
Project("{FAE04EC0-301F-11D3-BF4B-00C04F79EFBC}") = "PataNext.Simulation.Tests", "PataNext.Simulation.Tests\PataNext.Simulation.Tests.csproj", "{A26BF3EE-E20A-49DB-806C-5D11910E68C7}"
EndProject
Project("{FAE04EC0-301F-11D3-BF4B-00C04F79EFBC}") = "GameHost.Simulation", "..\FrameWork.GameHost\GameHost.Simulation\GameHost.Simulation.csproj", "{DFEEE720-F189-4D78-A597-2B8D51EB3F3C}"
EndProject
Project("{FAE04EC0-301F-11D3-BF4B-00C04F79EFBC}") = "GameHost.Transports", "..\FrameWork.GameHost\GameHost.Transports\GameHost.Transports.csproj", "{C5F1FA92-4066-4F2D-9A70-CD37AE0CA331}"
EndProject
Project("{FAE04EC0-301F-11D3-BF4B-00C04F79EFBC}") = "GameHost.Inputs", "..\FrameWork.GameHost\GameHost.Inputs\GameHost.Inputs.csproj", "{4C655378-2ADF-4F49-BEEA-A7F0C3AF5FDA}"
EndProject
Project("{FAE04EC0-301F-11D3-BF4B-00C04F79EFBC}") = "PataNext.Simulation.Client", "PataNext.Simulation.Client\PataNext.Simulation.Client.csproj", "{46168492-9746-4A46-B531-60462251B595}"
EndProject
Project("{2150E333-8FDC-42A3-9474-1A3956D46DE8}") = "GameHostProjects", "GameHostProjects", "{E694093C-A20E-40A7-9D57-32952C2A1B04}"
EndProject
Project("{2150E333-8FDC-42A3-9474-1A3956D46DE8}") = "Modules", "Modules", "{68E57444-4BFA-45CB-832D-46E791D934EA}"
EndProject
Project("{2150E333-8FDC-42A3-9474-1A3956D46DE8}") = "Simulation", "Simulation", "{5E3022E1-2012-4FEB-8762-95C7787508D1}"
EndProject
Project("{FAE04EC0-301F-11D3-BF4B-00C04F79EFBC}") = "GameHost.Audio", "..\FrameWork.GameHost\GameHost.Audio\GameHost.Audio.csproj", "{860F0DFE-8FC3-4959-98B0-EE7E38CEA9E5}"
EndProject
Project("{FAE04EC0-301F-11D3-BF4B-00C04F79EFBC}") = "PataNext.Game.Client.Resources", "PataNext.Game.Client.Resources\PataNext.Game.Client.Resources.csproj", "{0F159F6C-C188-4CEA-9BD9-D63287399DD2}"
EndProject
Project("{FAE04EC0-301F-11D3-BF4B-00C04F79EFBC}") = "PataNext.CoreAbilities.Mixed", "PataNext.CoreAbilities.Mixed\PataNext.CoreAbilities.Mixed.csproj", "{385C42CD-636F-4280-BCD3-4C660B5E2CFB}"
EndProject
Project("{2150E333-8FDC-42A3-9474-1A3956D46DE8}") = "GameBase", "GameBase", "{1875B95D-E1E8-4929-9695-0DA350CA44BB}"
EndProject
Project("{FAE04EC0-301F-11D3-BF4B-00C04F79EFBC}") = "StormiumTeam.GameBase", "StormiumTeam.GameBase\StormiumTeam.GameBase.csproj", "{EC628BEC-4EAE-4CE5-AC63-1A997F84662F}"
EndProject
Project("{FAE04EC0-301F-11D3-BF4B-00C04F79EFBC}") = "PataNext.Simulation.Client.Abilities", "PataNext.Simulation.Client.Abilities\PataNext.Simulation.Client.Abilities.csproj", "{ECB89CD6-F4A9-4FCF-8C8F-D5E8BE9B5344}"
EndProject
Project("{FAE04EC0-301F-11D3-BF4B-00C04F79EFBC}") = "STMasterServer.Shared", "..\MasterServer.PataNext\PataNext.MasterServer\STMasterServer.Shared\STMasterServer.Shared.csproj", "{02FE9E02-9262-48DE-9D23-71D035E059FC}"
EndProject
Project("{2150E333-8FDC-42A3-9474-1A3956D46DE8}") = "MasterServer.Shared", "MasterServer.Shared", "{D22B1A83-E5AB-41BE-A141-C14CA63AA8F2}"
EndProject
Project("{FAE04EC0-301F-11D3-BF4B-00C04F79EFBC}") = "PataNext.MasterServer.Shared", "..\MasterServer.PataNext\PataNext.MasterServer.Shared\PataNext.MasterServer.Shared.csproj", "{5B6DE30E-6FC8-4165-B6E3-F7C549A04EFF}"
EndProject
Project("{2150E333-8FDC-42A3-9474-1A3956D46DE8}") = "Abilities", "Abilities", "{E52F5EC3-49E7-4059-B6C1-4CDA75F8D943}"
EndProject
Project("{FAE04EC0-301F-11D3-BF4B-00C04F79EFBC}") = "PataNext.CoreAbilities.Server", "PataNext.CoreAbilities.Server\PataNext.CoreAbilities.Server.csproj", "{97F393D5-EE06-4A51-A99D-B59BFFFD615C}"
EndProject
Project("{FAE04EC0-301F-11D3-BF4B-00C04F79EFBC}") = "GameHost.Revolution.Snapshot", "..\Module.Networking\gamehost\GameHost.Revolution.Snapshot\GameHost.Revolution.Snapshot.csproj", "{A0A4A823-C60A-4DB9-8FC2-2E2E0BAFB7E9}"
EndProject
Project("{FAE04EC0-301F-11D3-BF4B-00C04F79EFBC}") = "GameHost.Revolution.NetCode", "..\Module.Networking\gamehost\GameHost.Revolution.NetCode\GameHost.Revolution.NetCode.csproj", "{F67DAEC1-CD9F-43DC-BE31-C08587FEF0B2}"
EndProject
Project("{2150E333-8FDC-42A3-9474-1A3956D46DE8}") = "RevolutionNetworking", "RevolutionNetworking", "{7EF549AE-1639-4DE0-853B-AC2FA4B03AD0}"
EndProject
Project("{FAE04EC0-301F-11D3-BF4B-00C04F79EFBC}") = "GameHost.Revolution.NetCode.Generator", "..\Module.Networking\gamehost\GameHost.Revolution.NetCode.Generator\GameHost.Revolution.NetCode.Generator.csproj", "{08667002-537C-4026-ABB4-D2A8D82FB947}"
EndProject
Project("{FAE04EC0-301F-11D3-BF4B-00C04F79EFBC}") = "PataNext.Export.Desktop.Tests", "PataNext.Export.Desktop.Tests\PataNext.Export.Desktop.Tests.csproj", "{49F854FE-A2F1-4BE9-A2E8-71A8A23430C9}"
EndProject
Project("{2150E333-8FDC-42A3-9474-1A3956D46DE8}") = "Missions", "Missions", "{4714B8F9-57DC-4C52-BC4E-A94F726A2CBB}"
EndProject
Project("{FAE04EC0-301F-11D3-BF4B-00C04F79EFBC}") = "PataNext.CoreMissions.Mixed", "PataNext.CoreMissions.Mixed\PataNext.CoreMissions.Mixed.csproj", "{7C10005B-5375-4142-8CC0-4203874B9D7D}"
EndProject
Project("{FAE04EC0-301F-11D3-BF4B-00C04F79EFBC}") = "PataNext.CoreMissions.Server", "PataNext.CoreMissions.Server\PataNext.CoreMissions.Server.csproj", "{5882C555-80A8-4E96-B0FC-85C7A605A8C5}"
EndProject
Global
	GlobalSection(SolutionConfigurationPlatforms) = preSolution
		Debug|Any CPU = Debug|Any CPU
		Release|Any CPU = Release|Any CPU
	EndGlobalSection
	GlobalSection(ProjectConfigurationPlatforms) = postSolution
		{7B818FBC-5488-41BC-959F-9A1C31F2CE45}.Debug|Any CPU.ActiveCfg = Debug|Any CPU
		{7B818FBC-5488-41BC-959F-9A1C31F2CE45}.Debug|Any CPU.Build.0 = Debug|Any CPU
		{7B818FBC-5488-41BC-959F-9A1C31F2CE45}.Release|Any CPU.ActiveCfg = Release|Any CPU
		{7B818FBC-5488-41BC-959F-9A1C31F2CE45}.Release|Any CPU.Build.0 = Release|Any CPU
		{51839579-5A24-475F-8153-EB332AC65C80}.Debug|Any CPU.ActiveCfg = Debug|Any CPU
		{51839579-5A24-475F-8153-EB332AC65C80}.Debug|Any CPU.Build.0 = Debug|Any CPU
		{51839579-5A24-475F-8153-EB332AC65C80}.Release|Any CPU.ActiveCfg = Release|Any CPU
		{51839579-5A24-475F-8153-EB332AC65C80}.Release|Any CPU.Build.0 = Release|Any CPU
		{82C60F68-53EC-43EC-A2D5-2787B30BBACD}.Debug|Any CPU.ActiveCfg = Debug|Any CPU
		{82C60F68-53EC-43EC-A2D5-2787B30BBACD}.Debug|Any CPU.Build.0 = Debug|Any CPU
		{82C60F68-53EC-43EC-A2D5-2787B30BBACD}.Release|Any CPU.ActiveCfg = Release|Any CPU
		{82C60F68-53EC-43EC-A2D5-2787B30BBACD}.Release|Any CPU.Build.0 = Release|Any CPU
		{32412FB7-ED9B-4A9C-BBC3-AF97059D0D38}.Debug|Any CPU.ActiveCfg = Debug|Any CPU
		{32412FB7-ED9B-4A9C-BBC3-AF97059D0D38}.Debug|Any CPU.Build.0 = Debug|Any CPU
		{32412FB7-ED9B-4A9C-BBC3-AF97059D0D38}.Release|Any CPU.ActiveCfg = Release|Any CPU
		{32412FB7-ED9B-4A9C-BBC3-AF97059D0D38}.Release|Any CPU.Build.0 = Release|Any CPU
		{474C9AC4-BC50-4381-9F69-1342F0E6AD22}.Debug|Any CPU.ActiveCfg = Debug|Any CPU
		{474C9AC4-BC50-4381-9F69-1342F0E6AD22}.Debug|Any CPU.Build.0 = Debug|Any CPU
		{474C9AC4-BC50-4381-9F69-1342F0E6AD22}.Release|Any CPU.ActiveCfg = Release|Any CPU
		{474C9AC4-BC50-4381-9F69-1342F0E6AD22}.Release|Any CPU.Build.0 = Release|Any CPU
		{878C7E30-3D33-4A98-A5EB-EE6313C88075}.Debug|Any CPU.ActiveCfg = Debug|Any CPU
		{878C7E30-3D33-4A98-A5EB-EE6313C88075}.Debug|Any CPU.Build.0 = Debug|Any CPU
		{878C7E30-3D33-4A98-A5EB-EE6313C88075}.Release|Any CPU.ActiveCfg = Release|Any CPU
		{878C7E30-3D33-4A98-A5EB-EE6313C88075}.Release|Any CPU.Build.0 = Release|Any CPU
		{A26BF3EE-E20A-49DB-806C-5D11910E68C7}.Debug|Any CPU.ActiveCfg = Debug|Any CPU
		{A26BF3EE-E20A-49DB-806C-5D11910E68C7}.Debug|Any CPU.Build.0 = Debug|Any CPU
		{A26BF3EE-E20A-49DB-806C-5D11910E68C7}.Release|Any CPU.ActiveCfg = Release|Any CPU
		{A26BF3EE-E20A-49DB-806C-5D11910E68C7}.Release|Any CPU.Build.0 = Release|Any CPU
		{DFEEE720-F189-4D78-A597-2B8D51EB3F3C}.Debug|Any CPU.ActiveCfg = Debug|Any CPU
		{DFEEE720-F189-4D78-A597-2B8D51EB3F3C}.Debug|Any CPU.Build.0 = Debug|Any CPU
		{DFEEE720-F189-4D78-A597-2B8D51EB3F3C}.Release|Any CPU.ActiveCfg = Release|Any CPU
		{DFEEE720-F189-4D78-A597-2B8D51EB3F3C}.Release|Any CPU.Build.0 = Release|Any CPU
		{C5F1FA92-4066-4F2D-9A70-CD37AE0CA331}.Debug|Any CPU.ActiveCfg = Debug|Any CPU
		{C5F1FA92-4066-4F2D-9A70-CD37AE0CA331}.Debug|Any CPU.Build.0 = Debug|Any CPU
		{C5F1FA92-4066-4F2D-9A70-CD37AE0CA331}.Release|Any CPU.ActiveCfg = Release|Any CPU
		{C5F1FA92-4066-4F2D-9A70-CD37AE0CA331}.Release|Any CPU.Build.0 = Release|Any CPU
		{4C655378-2ADF-4F49-BEEA-A7F0C3AF5FDA}.Debug|Any CPU.ActiveCfg = Debug|Any CPU
		{4C655378-2ADF-4F49-BEEA-A7F0C3AF5FDA}.Debug|Any CPU.Build.0 = Debug|Any CPU
		{4C655378-2ADF-4F49-BEEA-A7F0C3AF5FDA}.Release|Any CPU.ActiveCfg = Release|Any CPU
		{4C655378-2ADF-4F49-BEEA-A7F0C3AF5FDA}.Release|Any CPU.Build.0 = Release|Any CPU
		{46168492-9746-4A46-B531-60462251B595}.Debug|Any CPU.ActiveCfg = Debug|Any CPU
		{46168492-9746-4A46-B531-60462251B595}.Debug|Any CPU.Build.0 = Debug|Any CPU
		{46168492-9746-4A46-B531-60462251B595}.Release|Any CPU.ActiveCfg = Release|Any CPU
		{46168492-9746-4A46-B531-60462251B595}.Release|Any CPU.Build.0 = Release|Any CPU
		{860F0DFE-8FC3-4959-98B0-EE7E38CEA9E5}.Debug|Any CPU.ActiveCfg = Debug|Any CPU
		{860F0DFE-8FC3-4959-98B0-EE7E38CEA9E5}.Debug|Any CPU.Build.0 = Debug|Any CPU
		{860F0DFE-8FC3-4959-98B0-EE7E38CEA9E5}.Release|Any CPU.ActiveCfg = Release|Any CPU
		{860F0DFE-8FC3-4959-98B0-EE7E38CEA9E5}.Release|Any CPU.Build.0 = Release|Any CPU
		{0F159F6C-C188-4CEA-9BD9-D63287399DD2}.Debug|Any CPU.ActiveCfg = Debug|Any CPU
		{0F159F6C-C188-4CEA-9BD9-D63287399DD2}.Debug|Any CPU.Build.0 = Debug|Any CPU
		{0F159F6C-C188-4CEA-9BD9-D63287399DD2}.Release|Any CPU.ActiveCfg = Release|Any CPU
		{0F159F6C-C188-4CEA-9BD9-D63287399DD2}.Release|Any CPU.Build.0 = Release|Any CPU
		{385C42CD-636F-4280-BCD3-4C660B5E2CFB}.Debug|Any CPU.ActiveCfg = Debug|Any CPU
		{385C42CD-636F-4280-BCD3-4C660B5E2CFB}.Debug|Any CPU.Build.0 = Debug|Any CPU
		{385C42CD-636F-4280-BCD3-4C660B5E2CFB}.Release|Any CPU.ActiveCfg = Release|Any CPU
		{385C42CD-636F-4280-BCD3-4C660B5E2CFB}.Release|Any CPU.Build.0 = Release|Any CPU
		{EC628BEC-4EAE-4CE5-AC63-1A997F84662F}.Debug|Any CPU.ActiveCfg = Debug|Any CPU
		{EC628BEC-4EAE-4CE5-AC63-1A997F84662F}.Debug|Any CPU.Build.0 = Debug|Any CPU
		{EC628BEC-4EAE-4CE5-AC63-1A997F84662F}.Release|Any CPU.ActiveCfg = Release|Any CPU
		{EC628BEC-4EAE-4CE5-AC63-1A997F84662F}.Release|Any CPU.Build.0 = Release|Any CPU
		{ECB89CD6-F4A9-4FCF-8C8F-D5E8BE9B5344}.Debug|Any CPU.ActiveCfg = Debug|Any CPU
		{ECB89CD6-F4A9-4FCF-8C8F-D5E8BE9B5344}.Debug|Any CPU.Build.0 = Debug|Any CPU
		{ECB89CD6-F4A9-4FCF-8C8F-D5E8BE9B5344}.Release|Any CPU.ActiveCfg = Release|Any CPU
		{ECB89CD6-F4A9-4FCF-8C8F-D5E8BE9B5344}.Release|Any CPU.Build.0 = Release|Any CPU
		{02FE9E02-9262-48DE-9D23-71D035E059FC}.Debug|Any CPU.ActiveCfg = Debug|Any CPU
		{02FE9E02-9262-48DE-9D23-71D035E059FC}.Debug|Any CPU.Build.0 = Debug|Any CPU
		{02FE9E02-9262-48DE-9D23-71D035E059FC}.Release|Any CPU.ActiveCfg = Release|Any CPU
		{02FE9E02-9262-48DE-9D23-71D035E059FC}.Release|Any CPU.Build.0 = Release|Any CPU
		{5B6DE30E-6FC8-4165-B6E3-F7C549A04EFF}.Debug|Any CPU.ActiveCfg = Debug|Any CPU
		{5B6DE30E-6FC8-4165-B6E3-F7C549A04EFF}.Debug|Any CPU.Build.0 = Debug|Any CPU
		{5B6DE30E-6FC8-4165-B6E3-F7C549A04EFF}.Release|Any CPU.ActiveCfg = Release|Any CPU
		{5B6DE30E-6FC8-4165-B6E3-F7C549A04EFF}.Release|Any CPU.Build.0 = Release|Any CPU
		{97F393D5-EE06-4A51-A99D-B59BFFFD615C}.Debug|Any CPU.ActiveCfg = Debug|Any CPU
		{97F393D5-EE06-4A51-A99D-B59BFFFD615C}.Debug|Any CPU.Build.0 = Debug|Any CPU
		{97F393D5-EE06-4A51-A99D-B59BFFFD615C}.Release|Any CPU.ActiveCfg = Release|Any CPU
		{97F393D5-EE06-4A51-A99D-B59BFFFD615C}.Release|Any CPU.Build.0 = Release|Any CPU
		{A0A4A823-C60A-4DB9-8FC2-2E2E0BAFB7E9}.Debug|Any CPU.ActiveCfg = Debug|Any CPU
		{A0A4A823-C60A-4DB9-8FC2-2E2E0BAFB7E9}.Debug|Any CPU.Build.0 = Debug|Any CPU
		{A0A4A823-C60A-4DB9-8FC2-2E2E0BAFB7E9}.Release|Any CPU.ActiveCfg = Release|Any CPU
		{A0A4A823-C60A-4DB9-8FC2-2E2E0BAFB7E9}.Release|Any CPU.Build.0 = Release|Any CPU
		{F67DAEC1-CD9F-43DC-BE31-C08587FEF0B2}.Debug|Any CPU.ActiveCfg = Debug|Any CPU
		{F67DAEC1-CD9F-43DC-BE31-C08587FEF0B2}.Debug|Any CPU.Build.0 = Debug|Any CPU
		{F67DAEC1-CD9F-43DC-BE31-C08587FEF0B2}.Release|Any CPU.ActiveCfg = Release|Any CPU
		{F67DAEC1-CD9F-43DC-BE31-C08587FEF0B2}.Release|Any CPU.Build.0 = Release|Any CPU
		{08667002-537C-4026-ABB4-D2A8D82FB947}.Debug|Any CPU.ActiveCfg = Debug|Any CPU
		{08667002-537C-4026-ABB4-D2A8D82FB947}.Debug|Any CPU.Build.0 = Debug|Any CPU
		{08667002-537C-4026-ABB4-D2A8D82FB947}.Release|Any CPU.ActiveCfg = Release|Any CPU
		{08667002-537C-4026-ABB4-D2A8D82FB947}.Release|Any CPU.Build.0 = Release|Any CPU
		{49F854FE-A2F1-4BE9-A2E8-71A8A23430C9}.Debug|Any CPU.ActiveCfg = Debug|Any CPU
		{49F854FE-A2F1-4BE9-A2E8-71A8A23430C9}.Debug|Any CPU.Build.0 = Debug|Any CPU
		{49F854FE-A2F1-4BE9-A2E8-71A8A23430C9}.Release|Any CPU.ActiveCfg = Release|Any CPU
		{49F854FE-A2F1-4BE9-A2E8-71A8A23430C9}.Release|Any CPU.Build.0 = Release|Any CPU
		{7C10005B-5375-4142-8CC0-4203874B9D7D}.Debug|Any CPU.ActiveCfg = Debug|Any CPU
		{7C10005B-5375-4142-8CC0-4203874B9D7D}.Debug|Any CPU.Build.0 = Debug|Any CPU
		{7C10005B-5375-4142-8CC0-4203874B9D7D}.Release|Any CPU.ActiveCfg = Release|Any CPU
		{7C10005B-5375-4142-8CC0-4203874B9D7D}.Release|Any CPU.Build.0 = Release|Any CPU
		{5882C555-80A8-4E96-B0FC-85C7A605A8C5}.Debug|Any CPU.ActiveCfg = Debug|Any CPU
		{5882C555-80A8-4E96-B0FC-85C7A605A8C5}.Debug|Any CPU.Build.0 = Debug|Any CPU
		{5882C555-80A8-4E96-B0FC-85C7A605A8C5}.Release|Any CPU.ActiveCfg = Release|Any CPU
		{5882C555-80A8-4E96-B0FC-85C7A605A8C5}.Release|Any CPU.Build.0 = Release|Any CPU
	EndGlobalSection
	GlobalSection(NestedProjects) = preSolution
		{32412FB7-ED9B-4A9C-BBC3-AF97059D0D38} = {E694093C-A20E-40A7-9D57-32952C2A1B04}
		{4C655378-2ADF-4F49-BEEA-A7F0C3AF5FDA} = {E694093C-A20E-40A7-9D57-32952C2A1B04}
		{DFEEE720-F189-4D78-A597-2B8D51EB3F3C} = {E694093C-A20E-40A7-9D57-32952C2A1B04}
		{C5F1FA92-4066-4F2D-9A70-CD37AE0CA331} = {E694093C-A20E-40A7-9D57-32952C2A1B04}
		{878C7E30-3D33-4A98-A5EB-EE6313C88075} = {68E57444-4BFA-45CB-832D-46E791D934EA}
		{5E3022E1-2012-4FEB-8762-95C7787508D1} = {68E57444-4BFA-45CB-832D-46E791D934EA}
		{46168492-9746-4A46-B531-60462251B595} = {5E3022E1-2012-4FEB-8762-95C7787508D1}
		{82C60F68-53EC-43EC-A2D5-2787B30BBACD} = {5E3022E1-2012-4FEB-8762-95C7787508D1}
		{860F0DFE-8FC3-4959-98B0-EE7E38CEA9E5} = {E694093C-A20E-40A7-9D57-32952C2A1B04}
		{EC628BEC-4EAE-4CE5-AC63-1A997F84662F} = {1875B95D-E1E8-4929-9695-0DA350CA44BB}
		{ECB89CD6-F4A9-4FCF-8C8F-D5E8BE9B5344} = {5E3022E1-2012-4FEB-8762-95C7787508D1}
		{02FE9E02-9262-48DE-9D23-71D035E059FC} = {D22B1A83-E5AB-41BE-A141-C14CA63AA8F2}
		{5B6DE30E-6FC8-4165-B6E3-F7C549A04EFF} = {D22B1A83-E5AB-41BE-A141-C14CA63AA8F2}
		{E52F5EC3-49E7-4059-B6C1-4CDA75F8D943} = {68E57444-4BFA-45CB-832D-46E791D934EA}
		{385C42CD-636F-4280-BCD3-4C660B5E2CFB} = {E52F5EC3-49E7-4059-B6C1-4CDA75F8D943}
		{97F393D5-EE06-4A51-A99D-B59BFFFD615C} = {E52F5EC3-49E7-4059-B6C1-4CDA75F8D943}
		{7EF549AE-1639-4DE0-853B-AC2FA4B03AD0} = {E694093C-A20E-40A7-9D57-32952C2A1B04}
		{F67DAEC1-CD9F-43DC-BE31-C08587FEF0B2} = {7EF549AE-1639-4DE0-853B-AC2FA4B03AD0}
		{A0A4A823-C60A-4DB9-8FC2-2E2E0BAFB7E9} = {7EF549AE-1639-4DE0-853B-AC2FA4B03AD0}
		{08667002-537C-4026-ABB4-D2A8D82FB947} = {7EF549AE-1639-4DE0-853B-AC2FA4B03AD0}
		{4714B8F9-57DC-4C52-BC4E-A94F726A2CBB} = {68E57444-4BFA-45CB-832D-46E791D934EA}
		{7C10005B-5375-4142-8CC0-4203874B9D7D} = {4714B8F9-57DC-4C52-BC4E-A94F726A2CBB}
		{5882C555-80A8-4E96-B0FC-85C7A605A8C5} = {4714B8F9-57DC-4C52-BC4E-A94F726A2CBB}
	EndGlobalSection
EndGlobal
