
Microsoft Visual Studio Solution File, Format Version 12.00
Project("{FAE04EC0-301F-11D3-BF4B-00C04F79EFBC}") = "PataNext.Game", "src\PataNext.Game\PataNext.Game.csproj", "{51839579-5A24-475F-8153-EB332AC65C80}"
EndProject
Project("{FAE04EC0-301F-11D3-BF4B-00C04F79EFBC}") = "PataNext.Export.Desktop", "src\PataNext.Export.Desktop\PataNext.Export.Desktop.csproj", "{474C9AC4-BC50-4381-9F69-1342F0E6AD22}"
EndProject
Project("{FAE04EC0-301F-11D3-BF4B-00C04F79EFBC}") = "PataNext.Game.Client.Resources", "src\PataNext.Game.Client.Resources\PataNext.Game.Client.Resources.csproj", "{0F159F6C-C188-4CEA-9BD9-D63287399DD2}"
EndProject
Project("{FAE04EC0-301F-11D3-BF4B-00C04F79EFBC}") = "PataNext.Game.Client", "src\PataNext.Game.Client\PataNext.Game.Client.csproj", "{6BFDBAC9-DDD4-49EE-9538-281F0A961511}"
EndProject
Project("{2150E333-8FDC-42A3-9474-1A3956D46DE8}") = "Exports", "Exports", "{D7529681-34D1-45CE-8E96-346536187E75}"
EndProject
Project("{2150E333-8FDC-42A3-9474-1A3956D46DE8}") = "Game", "Game", "{5FBEA076-001A-47FA-A087-F981A05CD655}"
EndProject
Project("{FAE04EC0-301F-11D3-BF4B-00C04F79EFBC}") = "PataNext.Export.Godot", "src\PataNext.Export.Godot\PataNext.Export.Godot.csproj", "{F9F00F1A-9D44-405F-891A-D5263F1DE87F}"
EndProject
Project("{2150E333-8FDC-42A3-9474-1A3956D46DE8}") = "Additional Modules", "Additional Modules", "{6D2D2131-7EA5-4601-8A7C-FBBABA9E3121}"
EndProject
Project("{FAE04EC0-301F-11D3-BF4B-00C04F79EFBC}") = "PataNext.Module.Abilities", "src\PataNext.Module.Abilities\PataNext.Module.Abilities.csproj", "{3D8B6559-64B4-433A-9132-1A753C8B4B13}"
EndProject
Project("{2150E333-8FDC-42A3-9474-1A3956D46DE8}") = "Tools", "Tools", "{7CA1B101-0C31-4A31-BE72-207A955C2271}"
EndProject
Project("{FAE04EC0-301F-11D3-BF4B-00C04F79EFBC}") = "setup", "tools\setup\setup.csproj", "{FF011656-926F-4362-BCD4-7B96A75D7D71}"
EndProject
Global
	GlobalSection(SolutionConfigurationPlatforms) = preSolution
		Debug|Any CPU = Debug|Any CPU
		Release|Any CPU = Release|Any CPU
	EndGlobalSection
	GlobalSection(ProjectConfigurationPlatforms) = postSolution
		{7B818FBC-5488-41BC-959F-9A1C31F2CE45}.Debug|Any CPU.ActiveCfg = Debug|Any CPU
		{7B818FBC-5488-41BC-959F-9A1C31F2CE45}.Debug|Any CPU.Build.0 = Debug|Any CPU
		{7B818FBC-5488-41BC-959F-9A1C31F2CE45}.Release|Any CPU.ActiveCfg = Release|Any CPU
		{7B818FBC-5488-41BC-959F-9A1C31F2CE45}.Release|Any CPU.Build.0 = Release|Any CPU
		{51839579-5A24-475F-8153-EB332AC65C80}.Debug|Any CPU.ActiveCfg = Debug|Any CPU
		{51839579-5A24-475F-8153-EB332AC65C80}.Debug|Any CPU.Build.0 = Debug|Any CPU
		{51839579-5A24-475F-8153-EB332AC65C80}.Release|Any CPU.ActiveCfg = Release|Any CPU
		{51839579-5A24-475F-8153-EB332AC65C80}.Release|Any CPU.Build.0 = Release|Any CPU
		{474C9AC4-BC50-4381-9F69-1342F0E6AD22}.Debug|Any CPU.ActiveCfg = Debug|Any CPU
		{474C9AC4-BC50-4381-9F69-1342F0E6AD22}.Debug|Any CPU.Build.0 = Debug|Any CPU
		{474C9AC4-BC50-4381-9F69-1342F0E6AD22}.Release|Any CPU.ActiveCfg = Release|Any CPU
		{474C9AC4-BC50-4381-9F69-1342F0E6AD22}.Release|Any CPU.Build.0 = Release|Any CPU
		{0F159F6C-C188-4CEA-9BD9-D63287399DD2}.Debug|Any CPU.ActiveCfg = Debug|Any CPU
		{0F159F6C-C188-4CEA-9BD9-D63287399DD2}.Debug|Any CPU.Build.0 = Debug|Any CPU
		{0F159F6C-C188-4CEA-9BD9-D63287399DD2}.Release|Any CPU.ActiveCfg = Release|Any CPU
		{0F159F6C-C188-4CEA-9BD9-D63287399DD2}.Release|Any CPU.Build.0 = Release|Any CPU
		{F9F00F1A-9D44-405F-891A-D5263F1DE87F}.Debug|Any CPU.ActiveCfg = Debug|Any CPU
		{F9F00F1A-9D44-405F-891A-D5263F1DE87F}.Debug|Any CPU.Build.0 = Debug|Any CPU
		{F9F00F1A-9D44-405F-891A-D5263F1DE87F}.Release|Any CPU.ActiveCfg = Release|Any CPU
		{F9F00F1A-9D44-405F-891A-D5263F1DE87F}.Release|Any CPU.Build.0 = Release|Any CPU
		{6BFDBAC9-DDD4-49EE-9538-281F0A961511}.Debug|Any CPU.ActiveCfg = Debug|Any CPU
		{6BFDBAC9-DDD4-49EE-9538-281F0A961511}.Debug|Any CPU.Build.0 = Debug|Any CPU
		{6BFDBAC9-DDD4-49EE-9538-281F0A961511}.Release|Any CPU.ActiveCfg = Release|Any CPU
		{6BFDBAC9-DDD4-49EE-9538-281F0A961511}.Release|Any CPU.Build.0 = Release|Any CPU
		{3D8B6559-64B4-433A-9132-1A753C8B4B13}.Debug|Any CPU.ActiveCfg = Debug|Any CPU
		{3D8B6559-64B4-433A-9132-1A753C8B4B13}.Debug|Any CPU.Build.0 = Debug|Any CPU
		{3D8B6559-64B4-433A-9132-1A753C8B4B13}.Release|Any CPU.ActiveCfg = Release|Any CPU
		{3D8B6559-64B4-433A-9132-1A753C8B4B13}.Release|Any CPU.Build.0 = Release|Any CPU
		{FF011656-926F-4362-BCD4-7B96A75D7D71}.Debug|Any CPU.ActiveCfg = Debug|Any CPU
		{FF011656-926F-4362-BCD4-7B96A75D7D71}.Debug|Any CPU.Build.0 = Debug|Any CPU
		{FF011656-926F-4362-BCD4-7B96A75D7D71}.Release|Any CPU.ActiveCfg = Release|Any CPU
		{FF011656-926F-4362-BCD4-7B96A75D7D71}.Release|Any CPU.Build.0 = Release|Any CPU
	EndGlobalSection
	GlobalSection(NestedProjects) = preSolution
		{474C9AC4-BC50-4381-9F69-1342F0E6AD22} = {D7529681-34D1-45CE-8E96-346536187E75}
		{F9F00F1A-9D44-405F-891A-D5263F1DE87F} = {D7529681-34D1-45CE-8E96-346536187E75}
		{6BFDBAC9-DDD4-49EE-9538-281F0A961511} = {5FBEA076-001A-47FA-A087-F981A05CD655}
		{51839579-5A24-475F-8153-EB332AC65C80} = {5FBEA076-001A-47FA-A087-F981A05CD655}
		{0F159F6C-C188-4CEA-9BD9-D63287399DD2} = {5FBEA076-001A-47FA-A087-F981A05CD655}
		{3D8B6559-64B4-433A-9132-1A753C8B4B13} = {6D2D2131-7EA5-4601-8A7C-FBBABA9E3121}
		{FF011656-926F-4362-BCD4-7B96A75D7D71} = {7CA1B101-0C31-4A31-BE72-207A955C2271}
	EndGlobalSection
EndGlobal
