
Microsoft Visual Studio Solution File, Format Version 12.00
Project("{FAE04EC0-301F-11D3-BF4B-00C04F79EFBC}") = "PataNext.Game", "PataNext.Game\PataNext.Game.csproj", "{51839579-5A24-475F-8153-EB332AC65C80}"
EndProject
Project("{FAE04EC0-301F-11D3-BF4B-00C04F79EFBC}") = "PataNext.Export.Desktop", "PataNext.Export.Desktop\PataNext.Export.Desktop.csproj", "{474C9AC4-BC50-4381-9F69-1342F0E6AD22}"
EndProject
Project("{FAE04EC0-301F-11D3-BF4B-00C04F79EFBC}") = "PataNext.Game.Client.Resources", "PataNext.Game.Client.Resources\PataNext.Game.Client.Resources.csproj", "{0F159F6C-C188-4CEA-9BD9-D63287399DD2}"
EndProject
Global
	GlobalSection(SolutionConfigurationPlatforms) = preSolution
		Debug|Any CPU = Debug|Any CPU
		Release|Any CPU = Release|Any CPU
	EndGlobalSection
	GlobalSection(ProjectConfigurationPlatforms) = postSolution
		{7B818FBC-5488-41BC-959F-9A1C31F2CE45}.Debug|Any CPU.ActiveCfg = Debug|Any CPU
		{7B818FBC-5488-41BC-959F-9A1C31F2CE45}.Debug|Any CPU.Build.0 = Debug|Any CPU
		{7B818FBC-5488-41BC-959F-9A1C31F2CE45}.Release|Any CPU.ActiveCfg = Release|Any CPU
		{7B818FBC-5488-41BC-959F-9A1C31F2CE45}.Release|Any CPU.Build.0 = Release|Any CPU
		{51839579-5A24-475F-8153-EB332AC65C80}.Debug|Any CPU.ActiveCfg = Debug|Any CPU
		{51839579-5A24-475F-8153-EB332AC65C80}.Debug|Any CPU.Build.0 = Debug|Any CPU
		{51839579-5A24-475F-8153-EB332AC65C80}.Release|Any CPU.ActiveCfg = Release|Any CPU
		{51839579-5A24-475F-8153-EB332AC65C80}.Release|Any CPU.Build.0 = Release|Any CPU
		{474C9AC4-BC50-4381-9F69-1342F0E6AD22}.Debug|Any CPU.ActiveCfg = Debug|Any CPU
		{474C9AC4-BC50-4381-9F69-1342F0E6AD22}.Debug|Any CPU.Build.0 = Debug|Any CPU
		{474C9AC4-BC50-4381-9F69-1342F0E6AD22}.Release|Any CPU.ActiveCfg = Release|Any CPU
		{474C9AC4-BC50-4381-9F69-1342F0E6AD22}.Release|Any CPU.Build.0 = Release|Any CPU
		{0F159F6C-C188-4CEA-9BD9-D63287399DD2}.Debug|Any CPU.ActiveCfg = Debug|Any CPU
		{0F159F6C-C188-4CEA-9BD9-D63287399DD2}.Debug|Any CPU.Build.0 = Debug|Any CPU
		{0F159F6C-C188-4CEA-9BD9-D63287399DD2}.Release|Any CPU.ActiveCfg = Release|Any CPU
		{0F159F6C-C188-4CEA-9BD9-D63287399DD2}.Release|Any CPU.Build.0 = Release|Any CPU
	EndGlobalSection
	GlobalSection(NestedProjects) = preSolution
	EndGlobalSection
EndGlobal
